
Microsoft Visual Studio Solution File, Format Version 12.00
# Visual Studio Version 17
VisualStudioVersion = 17.8.34330.188
MinimumVisualStudioVersion = 10.0.40219.1
Project("{FAE04EC0-301F-11D3-BF4B-00C04F79EFBC}") = "Metodos", "Metodos\Metodos.csproj", "{6A2B6D3C-15B4-42EB-BBD3-1269A5E99BFB}"
EndProject
Global
	GlobalSection(SolutionConfigurationPlatforms) = preSolution
		Debug|Any CPU = Debug|Any CPU
		Release|Any CPU = Release|Any CPU
	EndGlobalSection
	GlobalSection(ProjectConfigurationPlatforms) = postSolution
		{6A2B6D3C-15B4-42EB-BBD3-1269A5E99BFB}.Debug|Any CPU.ActiveCfg = Debug|Any CPU
		{6A2B6D3C-15B4-42EB-BBD3-1269A5E99BFB}.Debug|Any CPU.Build.0 = Debug|Any CPU
		{6A2B6D3C-15B4-42EB-BBD3-1269A5E99BFB}.Release|Any CPU.ActiveCfg = Release|Any CPU
		{6A2B6D3C-15B4-42EB-BBD3-1269A5E99BFB}.Release|Any CPU.Build.0 = Release|Any CPU
	EndGlobalSection
	GlobalSection(SolutionProperties) = preSolution
		HideSolutionNode = FALSE
	EndGlobalSection
	GlobalSection(ExtensibilityGlobals) = postSolution
		SolutionGuid = {A25A8D0E-42A3-4F19-A2DE-61D5FA37883A}
	EndGlobalSection
EndGlobal
